github.com/cybergarage/go-logger v1.3.4 h1:UTgYZr/LwQtYVOncS3NJ64We5kCe7ce6L85y/MOYfrM=
github.com/cybergarage/go-logger v1.3.4/go.mod h1:2iMjinHam5oqyKEGsKIzeQQmmOPxpCgro95LOlEC2ks=
github.com/cybergarage/go-sqltest v0.9.5 h1:RAHvKvlOwI1mDvQkLVfJiijPPWIsgJ4SnrdBYKHkNuE=
github.com/cybergarage/go-sqltest v0.9.5/go.mod h1:CQkUZIyjHsxe0YqRRSvxiWanbDgLcFYAhz/6FQP7vqs=
github.com/cybergarage/go-tracing v1.1.2 h1:ISn5eeJF6myu9u8b0rpIvECujAZOBqvyKzexc0rcPmE=
github.com/cybergarage/go-tracing v1.1.2/go.mod h1:zv2DMzPbVvJsatV+ZNbIQhDNRJnMxSCDXiiSf3/VQYU=
github.com/go-sql-driver/mysql v1.7.0 h1:ueSltNNllEqE3qcWBTD0iQd3IpL/6U+mJxLkazJ7YPc=
github.com/go-sql-driver/mysql v1.7.0/go.mod h1:OXbVy3sEdcQ2Doequ6Z5BW6fXNQTmx+9S1MCJN5yJMI=
github.com/lib/pq v1.10.9 h1:YXG7RB+JIjhP29X+OtkiDnYaXQwpS4JEWq7dtCCRUEw=
github.com/lib/pq v1.10.9/go.mod h1:AlVN5x4E4T544tWzH6hKfbfQvm3HdbOxrmggDNAPY9o=
